
Microsoft Visual Studio Solution File, Format Version 12.00
# Visual Studio Version 17
VisualStudioVersion = 17.14.36109.1
MinimumVisualStudioVersion = 10.0.40219.1
Project("{FAE04EC0-301F-11D3-BF4B-00C04F79EFBC}") = "BusinessLayer", "BusinessLayer\BusinessLayer.csproj", "{00AE9B18-3907-445B-A1A5-4C6863AAD4B4}"
EndProject
Project("{FAE04EC0-301F-11D3-BF4B-00C04F79EFBC}") = "DataAccessLayer", "DataAccessLayer\DataAccessLayer.csproj", "{5D7BB7F8-F243-48B5-A83F-DA2CF19AB8C9}"
EndProject
Project("{FAE04EC0-301F-11D3-BF4B-00C04F79EFBC}") = "Common", "Common\Common.csproj", "{4D78DC59-6693-4FDA-A1B5-F18983B5F146}"
EndProject
Project("{FAE04EC0-301F-11D3-BF4B-00C04F79EFBC}") = "API", "API\API.csproj", "{4BAD84F6-8C0B-4A0A-AF21-9255280E0EFF}"
EndProject
Global
	GlobalSection(SolutionConfigurationPlatforms) = preSolution
		Debug|Any CPU = Debug|Any CPU
		Release|Any CPU = Release|Any CPU
	EndGlobalSection
	GlobalSection(ProjectConfigurationPlatforms) = postSolution
		{00AE9B18-3907-445B-A1A5-4C6863AAD4B4}.Debug|Any CPU.ActiveCfg = Debug|Any CPU
		{00AE9B18-3907-445B-A1A5-4C6863AAD4B4}.Debug|Any CPU.Build.0 = Debug|Any CPU
		{00AE9B18-3907-445B-A1A5-4C6863AAD4B4}.Release|Any CPU.ActiveCfg = Release|Any CPU
		{00AE9B18-3907-445B-A1A5-4C6863AAD4B4}.Release|Any CPU.Build.0 = Release|Any CPU
		{5D7BB7F8-F243-48B5-A83F-DA2CF19AB8C9}.Debug|Any CPU.ActiveCfg = Debug|Any CPU
		{5D7BB7F8-F243-48B5-A83F-DA2CF19AB8C9}.Debug|Any CPU.Build.0 = Debug|Any CPU
		{5D7BB7F8-F243-48B5-A83F-DA2CF19AB8C9}.Release|Any CPU.ActiveCfg = Release|Any CPU
		{5D7BB7F8-F243-48B5-A83F-DA2CF19AB8C9}.Release|Any CPU.Build.0 = Release|Any CPU
		{4D78DC59-6693-4FDA-A1B5-F18983B5F146}.Debug|Any CPU.ActiveCfg = Debug|Any CPU
		{4D78DC59-6693-4FDA-A1B5-F18983B5F146}.Debug|Any CPU.Build.0 = Debug|Any CPU
		{4D78DC59-6693-4FDA-A1B5-F18983B5F146}.Release|Any CPU.ActiveCfg = Release|Any CPU
		{4D78DC59-6693-4FDA-A1B5-F18983B5F146}.Release|Any CPU.Build.0 = Release|Any CPU
		{4BAD84F6-8C0B-4A0A-AF21-9255280E0EFF}.Debug|Any CPU.ActiveCfg = Debug|Any CPU
		{4BAD84F6-8C0B-4A0A-AF21-9255280E0EFF}.Debug|Any CPU.Build.0 = Debug|Any CPU
		{4BAD84F6-8C0B-4A0A-AF21-9255280E0EFF}.Release|Any CPU.ActiveCfg = Release|Any CPU
		{4BAD84F6-8C0B-4A0A-AF21-9255280E0EFF}.Release|Any CPU.Build.0 = Release|Any CPU
	EndGlobalSection
	GlobalSection(SolutionProperties) = preSolution
		HideSolutionNode = FALSE
	EndGlobalSection
	GlobalSection(ExtensibilityGlobals) = postSolution
		SolutionGuid = {5FB67005-B665-4506-A978-48040390DF02}
	EndGlobalSection
EndGlobal
